# generated by rye
# use `rye lock` or `rye sync` to update this lockfile
#
# last locked with the following flags:
#   pre: false
#   features: []
#   all-features: false
#   with-sources: false
#   generate-hashes: false
#   universal: false

-e file:.
click==8.1.8
    # via sherpa
pymupdf==1.25.1
    # via pymupdf4llm
pymupdf4llm==0.0.17
    # via sherpa
